
Microsoft Visual Studio Solution File, Format Version 12.00
# Visual Studio Version 16
VisualStudioVersion = 16.0.31605.320
MinimumVisualStudioVersion = 10.0.40219.1
Project("{FAE04EC0-301F-11D3-BF4B-00C04F79EFBC}") = "Desafio2", "Desafio2\Desafio2.csproj", "{9358BB75-13DF-4ED5-ACCD-53E5E1EF5305}"
EndProject
Global
	GlobalSection(SolutionConfigurationPlatforms) = preSolution
		Debug|Any CPU = Debug|Any CPU
		Release|Any CPU = Release|Any CPU
	EndGlobalSection
	GlobalSection(ProjectConfigurationPlatforms) = postSolution
		{9358BB75-13DF-4ED5-ACCD-53E5E1EF5305}.Debug|Any CPU.ActiveCfg = Debug|Any CPU
		{9358BB75-13DF-4ED5-ACCD-53E5E1EF5305}.Debug|Any CPU.Build.0 = Debug|Any CPU
		{9358BB75-13DF-4ED5-ACCD-53E5E1EF5305}.Release|Any CPU.ActiveCfg = Release|Any CPU
		{9358BB75-13DF-4ED5-ACCD-53E5E1EF5305}.Release|Any CPU.Build.0 = Release|Any CPU
	EndGlobalSection
	GlobalSection(SolutionProperties) = preSolution
		HideSolutionNode = FALSE
	EndGlobalSection
	GlobalSection(ExtensibilityGlobals) = postSolution
		SolutionGuid = {1069628E-B277-409C-8662-91B4C58AD756}
	EndGlobalSection
EndGlobal
